// !$*UTF8*$!
{
	archiveVersion = 1;
	classes = {
	};
	objectVersion = 46;
	objects = {

/* Begin PBXBuildFile section */
		2F94A0E91B0A16B50061A8F9 /* AppDelegate.swift in Sources */ = {isa = PBXBuildFile; fileRef = 2F94A0E81B0A16B50061A8F9 /* AppDelegate.swift */; };
		2F94A0EC1B0A16B50061A8F9 /* s_Camera.xcdatamodeld in Sources */ = {isa = PBXBuildFile; fileRef = 2F94A0EA1B0A16B50061A8F9 /* s_Camera.xcdatamodeld */; };
		2F94A0EE1B0A16B50061A8F9 /* ViewController.swift in Sources */ = {isa = PBXBuildFile; fileRef = 2F94A0ED1B0A16B50061A8F9 /* ViewController.swift */; };
		2F94A0F11B0A16B50061A8F9 /* Main.storyboard in Resources */ = {isa = PBXBuildFile; fileRef = 2F94A0EF1B0A16B50061A8F9 /* Main.storyboard */; };
		2F94A0F61B0A16B50061A8F9 /* LaunchScreen.xib in Resources */ = {isa = PBXBuildFile; fileRef = 2F94A0F41B0A16B50061A8F9 /* LaunchScreen.xib */; };
		2F94A1021B0A16B60061A8F9 /* s_CameraTests.swift in Sources */ = {isa = PBXBuildFile; fileRef = 2F94A1011B0A16B60061A8F9 /* s_CameraTests.swift */; };
		2F94A10C1B0CD5A50061A8F9 /* DescaleView.swift in Sources */ = {isa = PBXBuildFile; fileRef = 2F94A10B1B0CD5A50061A8F9 /* DescaleView.swift */; };
		2FADA1F81B1529C200587A0A /* Images.xcassets in Resources */ = {isa = PBXBuildFile; fileRef = 2FADA1F71B1529C200587A0A /* Images.xcassets */; };
		2FADA20E1B15313300587A0A /* frame in Resources */ = {isa = PBXBuildFile; fileRef = 2FADA20D1B15313300587A0A /* frame */; };
/* End PBXBuildFile section */

/* Begin PBXContainerItemProxy section */
		2F94A0FC1B0A16B60061A8F9 /* PBXContainerItemProxy */ = {
			isa = PBXContainerItemProxy;
			containerPortal = 2F94A0DB1B0A16B50061A8F9 /* Project object */;
			proxyType = 1;
			remoteGlobalIDString = 2F94A0E21B0A16B50061A8F9;
			remoteInfo = s_Camera;
		};
/* End PBXContainerItemProxy section */

/* Begin PBXFileReference section */
		2F94A0E31B0A16B50061A8F9 /* s_Camera.app */ = {isa = PBXFileReference; explicitFileType = wrapper.application; includeInIndex = 0; path = s_Camera.app; sourceTree = BUILT_PRODUCTS_DIR; };
		2F94A0E71B0A16B50061A8F9 /* Info.plist */ = {isa = PBXFileReference; lastKnownFileType = text.plist.xml; path = Info.plist; sourceTree = "<group>"; };
		2F94A0E81B0A16B50061A8F9 /* AppDelegate.swift */ = {isa = PBXFileReference; lastKnownFileType = sourcecode.swift; path = AppDelegate.swift; sourceTree = "<group>"; };
		2F94A0EB1B0A16B50061A8F9 /* s_Camera.xcdatamodel */ = {isa = PBXFileReference; lastKnownFileType = wrapper.xcdatamodel; path = s_Camera.xcdatamodel; sourceTree = "<group>"; };
		2F94A0ED1B0A16B50061A8F9 /* ViewController.swift */ = {isa = PBXFileReference; lastKnownFileType = sourcecode.swift; path = ViewController.swift; sourceTree = "<group>"; };
		2F94A0F01B0A16B50061A8F9 /* Base */ = {isa = PBXFileReference; lastKnownFileType = file.storyboard; name = Base; path = Base.lproj/Main.storyboard; sourceTree = "<group>"; };
		2F94A0F51B0A16B50061A8F9 /* Base */ = {isa = PBXFileReference; lastKnownFileType = file.xib; name = Base; path = Base.lproj/LaunchScreen.xib; sourceTree = "<group>"; };
		2F94A0FB1B0A16B60061A8F9 /* s_CameraTests.xctest */ = {isa = PBXFileReference; explicitFileType = wrapper.cfbundle; includeInIndex = 0; path = s_CameraTests.xctest; sourceTree = BUILT_PRODUCTS_DIR; };
		2F94A1001B0A16B60061A8F9 /* Info.plist */ = {isa = PBXFileReference; lastKnownFileType = text.plist.xml; path = Info.plist; sourceTree = "<group>"; };
		2F94A1011B0A16B60061A8F9 /* s_CameraTests.swift */ = {isa = PBXFileReference; lastKnownFileType = sourcecode.swift; path = s_CameraTests.swift; sourceTree = "<group>"; };
		2F94A10B1B0CD5A50061A8F9 /* DescaleView.swift */ = {isa = PBXFileReference; fileEncoding = 4; lastKnownFileType = sourcecode.swift; path = DescaleView.swift; sourceTree = "<group>"; };
		2FADA1F71B1529C200587A0A /* Images.xcassets */ = {isa = PBXFileReference; lastKnownFileType = folder.assetcatalog; path = Images.xcassets; sourceTree = "<group>"; };
		2FADA20D1B15313300587A0A /* frame */ = {isa = PBXFileReference; lastKnownFileType = folder; path = frame; sourceTree = "<group>"; };
/* End PBXFileReference section */

/* Begin PBXFrameworksBuildPhase section */
		2F94A0E01B0A16B50061A8F9 /* Frameworks */ = {
			isa = PBXFrameworksBuildPhase;
			buildActionMask = 2147483647;
			files = (
			);
			runOnlyForDeploymentPostprocessing = 0;
		};
		2F94A0F81B0A16B60061A8F9 /* Frameworks */ = {
			isa = PBXFrameworksBuildPhase;
			buildActionMask = 2147483647;
			files = (
			);
			runOnlyForDeploymentPostprocessing = 0;
		};
/* End PBXFrameworksBuildPhase section */

/* Begin PBXGroup section */
		2F94A0DA1B0A16B50061A8F9 = {
			isa = PBXGroup;
			children = (
				2F94A0E51B0A16B50061A8F9 /* s_Camera */,
				2F94A0FE1B0A16B60061A8F9 /* s_CameraTests */,
				2F94A0E41B0A16B50061A8F9 /* Products */,
			);
			sourceTree = "<group>";
		};
		2F94A0E41B0A16B50061A8F9 /* Products */ = {
			isa = PBXGroup;
			children = (
				2F94A0E31B0A16B50061A8F9 /* s_Camera.app */,
				2F94A0FB1B0A16B60061A8F9 /* s_CameraTests.xctest */,
			);
			name = Products;
			sourceTree = "<group>";
		};
		2F94A0E51B0A16B50061A8F9 /* s_Camera */ = {
			isa = PBXGroup;
			children = (
				2F94A0EF1B0A16B50061A8F9 /* Main.storyboard */,
				2F94A0E81B0A16B50061A8F9 /* AppDelegate.swift */,
				2F94A0ED1B0A16B50061A8F9 /* ViewController.swift */,
				2F94A10B1B0CD5A50061A8F9 /* DescaleView.swift */,
				2FADA1F71B1529C200587A0A /* Images.xcassets */,
				2FADA20D1B15313300587A0A /* frame */,
				2F94A0F41B0A16B50061A8F9 /* LaunchScreen.xib */,
				2F94A0EA1B0A16B50061A8F9 /* s_Camera.xcdatamodeld */,
				2F94A0E61B0A16B50061A8F9 /* Supporting Files */,
			);
			path = s_Camera;
			sourceTree = "<group>";
		};
		2F94A0E61B0A16B50061A8F9 /* Supporting Files */ = {
			isa = PBXGroup;
			children = (
				2F94A0E71B0A16B50061A8F9 /* Info.plist */,
			);
			name = "Supporting Files";
			sourceTree = "<group>";
		};
		2F94A0FE1B0A16B60061A8F9 /* s_CameraTests */ = {
			isa = PBXGroup;
			children = (
				2F94A1011B0A16B60061A8F9 /* s_CameraTests.swift */,
				2F94A0FF1B0A16B60061A8F9 /* Supporting Files */,
			);
			path = s_CameraTests;
			sourceTree = "<group>";
		};
		2F94A0FF1B0A16B60061A8F9 /* Supporting Files */ = {
			isa = PBXGroup;
			children = (
				2F94A1001B0A16B60061A8F9 /* Info.plist */,
			);
			name = "Supporting Files";
			sourceTree = "<group>";
		};
/* End PBXGroup section */

/* Begin PBXNativeTarget section */
		2F94A0E21B0A16B50061A8F9 /* s_Camera */ = {
			isa = PBXNativeTarget;
			buildConfigurationList = 2F94A1051B0A16B60061A8F9 /* Build configuration list for PBXNativeTarget "s_Camera" */;
			buildPhases = (
				2F94A0DF1B0A16B50061A8F9 /* Sources */,
				2F94A0E01B0A16B50061A8F9 /* Frameworks */,
				2F94A0E11B0A16B50061A8F9 /* Resources */,
			);
			buildRules = (
			);
			dependencies = (
			);
			name = s_Camera;
			productName = s_Camera;
			productReference = 2F94A0E31B0A16B50061A8F9 /* s_Camera.app */;
			productType = "com.apple.product-type.application";
		};
		2F94A0FA1B0A16B60061A8F9 /* s_CameraTests */ = {
			isa = PBXNativeTarget;
			buildConfigurationList = 2F94A1081B0A16B60061A8F9 /* Build configuration list for PBXNativeTarget "s_CameraTests" */;
			buildPhases = (
				2F94A0F71B0A16B60061A8F9 /* Sources */,
				2F94A0F81B0A16B60061A8F9 /* Frameworks */,
				2F94A0F91B0A16B60061A8F9 /* Resources */,
			);
			buildRules = (
			);
			dependencies = (
				2F94A0FD1B0A16B60061A8F9 /* PBXTargetDependency */,
			);
			name = s_CameraTests;
			productName = s_CameraTests;
			productReference = 2F94A0FB1B0A16B60061A8F9 /* s_CameraTests.xctest */;
			productType = "com.apple.product-type.bundle.unit-test";
		};
/* End PBXNativeTarget section */

/* Begin PBXProject section */
		2F94A0DB1B0A16B50061A8F9 /* Project object */ = {
			isa = PBXProject;
			attributes = {
				LastSwiftMigration = 0700;
				LastSwiftUpdateCheck = 0700;
				LastUpgradeCheck = 0700;
				ORGANIZATIONNAME = i.novol;
				TargetAttributes = {
					2F94A0E21B0A16B50061A8F9 = {
						CreatedOnToolsVersion = 6.3.1;
					};
					2F94A0FA1B0A16B60061A8F9 = {
						CreatedOnToolsVersion = 6.3.1;
						TestTargetID = 2F94A0E21B0A16B50061A8F9;
					};
				};
			};
			buildConfigurationList = 2F94A0DE1B0A16B50061A8F9 /* Build configuration list for PBXProject "s_Camera" */;
			compatibilityVersion = "Xcode 3.2";
			developmentRegion = English;
			hasScannedForEncodings = 0;
			knownRegions = (
				en,
				Base,
			);
			mainGroup = 2F94A0DA1B0A16B50061A8F9;
			productRefGroup = 2F94A0E41B0A16B50061A8F9 /* Products */;
			projectDirPath = "";
			projectRoot = "";
			targets = (
				2F94A0E21B0A16B50061A8F9 /* s_Camera */,
				2F94A0FA1B0A16B60061A8F9 /* s_CameraTests */,
			);
		};
/* End PBXProject section */

/* Begin PBXResourcesBuildPhase section */
		2F94A0E11B0A16B50061A8F9 /* Resources */ = {
			isa = PBXResourcesBuildPhase;
			buildActionMask = 2147483647;
			files = (
				2FADA20E1B15313300587A0A /* frame in Resources */,
				2FADA1F81B1529C200587A0A /* Images.xcassets in Resources */,
				2F94A0F11B0A16B50061A8F9 /* Main.storyboard in Resources */,
				2F94A0F61B0A16B50061A8F9 /* LaunchScreen.xib in Resources */,
			);
			runOnlyForDeploymentPostprocessing = 0;
		};
		2F94A0F91B0A16B60061A8F9 /* Resources */ = {
			isa = PBXResourcesBuildPhase;
			buildActionMask = 2147483647;
			files = (
			);
			runOnlyForDeploymentPostprocessing = 0;
		};
/* End PBXResourcesBuildPhase section */

/* Begin PBXSourcesBuildPhase section */
		2F94A0DF1B0A16B50061A8F9 /* Sources */ = {
			isa = PBXSourcesBuildPhase;
			buildActionMask = 2147483647;
			files = (
				2F94A10C1B0CD5A50061A8F9 /* DescaleView.swift in Sources */,
				2F94A0EE1B0A16B50061A8F9 /* ViewController.swift in Sources */,
				2F94A0EC1B0A16B50061A8F9 /* s_Camera.xcdatamodeld in Sources */,
				2F94A0E91B0A16B50061A8F9 /* AppDelegate.swift in Sources */,
			);
			runOnlyForDeploymentPostprocessing = 0;
		};
		2F94A0F71B0A16B60061A8F9 /* Sources */ = {
			isa = PBXSourcesBuildPhase;
			buildActionMask = 2147483647;
			files = (
				2F94A1021B0A16B60061A8F9 /* s_CameraTests.swift in Sources */,
			);
			runOnlyForDeploymentPostprocessing = 0;
		};
/* End PBXSourcesBuildPhase section */

/* Begin PBXTargetDependency section */
		2F94A0FD1B0A16B60061A8F9 /* PBXTargetDependency */ = {
			isa = PBXTargetDependency;
			target = 2F94A0E21B0A16B50061A8F9 /* s_Camera */;
			targetProxy = 2F94A0FC1B0A16B60061A8F9 /* PBXContainerItemProxy */;
		};
/* End PBXTargetDependency section */

/* Begin PBXVariantGroup section */
		2F94A0EF1B0A16B50061A8F9 /* Main.storyboard */ = {
			isa = PBXVariantGroup;
			children = (
				2F94A0F01B0A16B50061A8F9 /* Base */,
			);
			name = Main.storyboard;
			sourceTree = "<group>";
		};
		2F94A0F41B0A16B50061A8F9 /* LaunchScreen.xib */ = {
			isa = PBXVariantGroup;
			children = (
				2F94A0F51B0A16B50061A8F9 /* Base */,
			);
			name = LaunchScreen.xib;
			sourceTree = "<group>";
		};
/* End PBXVariantGroup section */

/* Begin XCBuildConfiguration section */
		2F94A1031B0A16B60061A8F9 /* Debug */ = {
			isa = XCBuildConfiguration;
			buildSettings = {
				ALWAYS_SEARCH_USER_PATHS = NO;
				CLANG_CXX_LANGUAGE_STANDARD = "gnu++0x";
				CLANG_CXX_LIBRARY = "libc++";
				CLANG_ENABLE_MODULES = YES;
				CLANG_ENABLE_OBJC_ARC = YES;
				CLANG_WARN_BOOL_CONVERSION = YES;
				CLANG_WARN_CONSTANT_CONVERSION = YES;
				CLANG_WARN_DIRECT_OBJC_ISA_USAGE = YES_ERROR;
				CLANG_WARN_EMPTY_BODY = YES;
				CLANG_WARN_ENUM_CONVERSION = YES;
				CLANG_WARN_INT_CONVERSION = YES;
				CLANG_WARN_OBJC_ROOT_CLASS = YES_ERROR;
				CLANG_WARN_UNREACHABLE_CODE = YES;
				CLANG_WARN__DUPLICATE_METHOD_MATCH = YES;
				"CODE_SIGN_IDENTITY[sdk=iphoneos*]" = "iPhone Developer";
				COPY_PHASE_STRIP = NO;
				DEBUG_INFORMATION_FORMAT = "dwarf-with-dsym";
				ENABLE_STRICT_OBJC_MSGSEND = YES;
				ENABLE_TESTABILITY = YES;
				GCC_C_LANGUAGE_STANDARD = gnu99;
				GCC_DYNAMIC_NO_PIC = NO;
				GCC_NO_COMMON_BLOCKS = YES;
				GCC_OPTIMIZATION_LEVEL = 0;
				GCC_PREPROCESSOR_DEFINITIONS = (
					"DEBUG=1",
					"$(inherited)",
				);
				GCC_SYMBOLS_PRIVATE_EXTERN = NO;
				GCC_WARN_64_TO_32_BIT_CONVERSION = YES;
				GCC_WARN_ABOUT_RETURN_TYPE = YES_ERROR;
				GCC_WARN_UNDECLARED_SELECTOR = YES;
				GCC_WARN_UNINITIALIZED_AUTOS = YES_AGGRESSIVE;
				GCC_WARN_UNUSED_FUNCTION = YES;
				GCC_WARN_UNUSED_VARIABLE = YES;
				IPHONEOS_DEPLOYMENT_TARGET = 8.3;
				MTL_ENABLE_DEBUG_INFO = YES;
				ONLY_ACTIVE_ARCH = YES;
				SDKROOT = iphoneos;
				SWIFT_OPTIMIZATION_LEVEL = "-Onone";
			};
			name = Debug;
		};
		2F94A1041B0A16B60061A8F9 /* Release */ = {
			isa = XCBuildConfiguration;
			buildSettings = {
				ALWAYS_SEARCH_USER_PATHS = NO;
				CLANG_CXX_LANGUAGE_STANDARD = "gnu++0x";
				CLANG_CXX_LIBRARY = "libc++";
				CLANG_ENABLE_MODULES = YES;
				CLANG_ENABLE_OBJC_ARC = YES;
				CLANG_WARN_BOOL_CONVERSION = YES;
				CLANG_WARN_CONSTANT_CONVERSION = YES;
				CLANG_WARN_DIRECT_OBJC_ISA_USAGE = YES_ERROR;
				CLANG_WARN_EMPTY_BODY = YES;
				CLANG_WARN_ENUM_CONVERSION = YES;
				CLANG_WARN_INT_CONVERSION = YES;
				CLANG_WARN_OBJC_ROOT_CLASS = YES_ERROR;
				CLANG_WARN_UNREACHABLE_CODE = YES;
				CLANG_WARN__DUPLICATE_METHOD_MATCH = YES;
				"CODE_SIGN_IDENTITY[sdk=iphoneos*]" = "iPhone Developer";
				COPY_PHASE_STRIP = NO;
				DEBUG_INFORMATION_FORMAT = "dwarf-with-dsym";
				ENABLE_NS_ASSERTIONS = NO;
				ENABLE_STRICT_OBJC_MSGSEND = YES;
				GCC_C_LANGUAGE_STANDARD = gnu99;
				GCC_NO_COMMON_BLOCKS = YES;
				GCC_WARN_64_TO_32_BIT_CONVERSION = YES;
				GCC_WARN_ABOUT_RETURN_TYPE = YES_ERROR;
				GCC_WARN_UNDECLARED_SELECTOR = YES;
				GCC_WARN_UNINITIALIZED_AUTOS = YES_AGGRESSIVE;
				GCC_WARN_UNUSED_FUNCTION = YES;
				GCC_WARN_UNUSED_VARIABLE = YES;
				IPHONEOS_DEPLOYMENT_TARGET = 8.3;
				MTL_ENABLE_DEBUG_INFO = NO;
				SDKROOT = iphoneos;
				VALIDATE_PRODUCT = YES;
			};
			name = Release;
		};
		2F94A1061B0A16B60061A8F9 /* Debug */ = {
			isa = XCBuildConfiguration;
			buildSettings = {
				ASSETCATALOG_COMPILER_APPICON_NAME = AppIcon;
				INFOPLIST_FILE = s_Camera/Info.plist;
				LD_RUNPATH_SEARCH_PATHS = "$(inherited) @executable_path/Frameworks";
				PRODUCT_BUNDLE_IDENTIFIER = "net.ishidoya.$(PRODUCT_NAME:rfc1034identifier)";
				PRODUCT_NAME = "$(TARGET_NAME)";
				TARGETED_DEVICE_FAMILY = "1,2";
			};
			name = Debug;
		};
		2F94A1071B0A16B60061A8F9 /* Release */ = {
			isa = XCBuildConfiguration;
			buildSettings = {
				ASSETCATALOG_COMPILER_APPICON_NAME = AppIcon;
				INFOPLIST_FILE = s_Camera/Info.plist;
				LD_RUNPATH_SEARCH_PATHS = "$(inherited) @executable_path/Frameworks";
				PRODUCT_BUNDLE_IDENTIFIER = "net.ishidoya.$(PRODUCT_NAME:rfc1034identifier)";
				PRODUCT_NAME = "$(TARGET_NAME)";
				TARGETED_DEVICE_FAMILY = "1,2";
			};
			name = Release;
		};
		2F94A1091B0A16B60061A8F9 /* Debug */ = {
			isa = XCBuildConfiguration;
			buildSettings = {
				BUNDLE_LOADER = "$(TEST_HOST)";
				FRAMEWORK_SEARCH_PATHS = (
					"$(SDKROOT)/Developer/Library/Frameworks",
					"$(inherited)",
				);
				GCC_PREPROCESSOR_DEFINITIONS = (
					"DEBUG=1",
					"$(inherited)",
				);
				INFOPLIST_FILE = s_CameraTests/Info.plist;
				LD_RUNPATH_SEARCH_PATHS = "$(inherited) @executable_path/Frameworks @loader_path/Frameworks";
				PRODUCT_BUNDLE_IDENTIFIER = "net.ishidoya.$(PRODUCT_NAME:rfc1034identifier)";
				PRODUCT_NAME = "$(TARGET_NAME)";
				TEST_HOST = "$(BUILT_PRODUCTS_DIR)/s_Camera.app/s_Camera";
			};
			name = Debug;
		};
		2F94A10A1B0A16B60061A8F9 /* Release */ = {
			isa = XCBuildConfiguration;
			buildSettings = {
				BUNDLE_LOADER = "$(TEST_HOST)";
				FRAMEWORK_SEARCH_PATHS = (
					"$(SDKROOT)/Developer/Library/Frameworks",
					"$(inherited)",
				);
				INFOPLIST_FILE = s_CameraTests/Info.plist;
				LD_RUNPATH_SEARCH_PATHS = "$(inherited) @executable_path/Frameworks @loader_path/Frameworks";
				PRODUCT_BUNDLE_IDENTIFIER = "net.ishidoya.$(PRODUCT_NAME:rfc1034identifier)";
				PRODUCT_NAME = "$(TARGET_NAME)";
				TEST_HOST = "$(BUILT_PRODUCTS_DIR)/s_Camera.app/s_Camera";
			};
			name = Release;
		};
/* End XCBuildConfiguration section */

/* Begin XCConfigurationList section */
		2F94A0DE1B0A16B50061A8F9 /* Build configuration list for PBXProject "s_Camera" */ = {
			isa = XCConfigurationList;
			buildConfigurations = (
				2F94A1031B0A16B60061A8F9 /* Debug */,
				2F94A1041B0A16B60061A8F9 /* Release */,
			);
			defaultConfigurationIsVisible = 0;
			defaultConfigurationName = Release;
		};
		2F94A1051B0A16B60061A8F9 /* Build configuration list for PBXNativeTarget "s_Camera" */ = {
			isa = XCConfigurationList;
			buildConfigurations = (
				2F94A1061B0A16B60061A8F9 /* Debug */,
				2F94A1071B0A16B60061A8F9 /* Release */,
			);
			defaultConfigurationIsVisible = 0;
			defaultConfigurationName = Release;
		};
		2F94A1081B0A16B60061A8F9 /* Build configuration list for PBXNativeTarget "s_CameraTests" */ = {
			isa = XCConfigurationList;
			buildConfigurations = (
				2F94A1091B0A16B60061A8F9 /* Debug */,
				2F94A10A1B0A16B60061A8F9 /* Release */,
			);
			defaultConfigurationIsVisible = 0;
			defaultConfigurationName = Release;
		};
/* End XCConfigurationList section */

/* Begin XCVersionGroup section */
		2F94A0EA1B0A16B50061A8F9 /* s_Camera.xcdatamodeld */ = {
			isa = XCVersionGroup;
			children = (
				2F94A0EB1B0A16B50061A8F9 /* s_Camera.xcdatamodel */,
			);
			currentVersion = 2F94A0EB1B0A16B50061A8F9 /* s_Camera.xcdatamodel */;
			path = s_Camera.xcdatamodeld;
			sourceTree = "<group>";
			versionGroupType = wrapper.xcdatamodel;
		};
/* End XCVersionGroup section */
	};
	rootObject = 2F94A0DB1B0A16B50061A8F9 /* Project object */;
}
